{
    "_meta": {
        "sources": [
            {
                "url": "https://pypi.python.org/simple",
                "verify_ssl": true
            }
        ],
        "requires": {},
        "Pipfile-sha256": "4447c590ae01d64b8635f682184d780e875cb571c1ef5f4aa90665180951e57e"
    },
    "default": {
        "toolz": {
            "hash": "sha256:4a13c90c426001d6299c5568cf5b98e095df9c985df194008a67f84ef4fc6c50",
            "version": "==0.8.2"
        },
        "hashids": {
            "hash": "sha256:6539b892a426e75747a9c0ad69409e9566f9c21b79310fc3424b5b6726f28da6",
            "version": "==1.2.0"
        },
        "path.py": {
            "hash": "sha256:587ff3646e42ecea102cf67ba6bfd40d4899f834eceed4c661ba441b9aa19546",
            "version": "==10.1"
        },
        "appdirs": {
            "hash": "sha256:85e58578db8f29538f3109c11250c2a5514a2fcdc9890d9b2fe777eb55517736",
            "version": "==1.4.0"
        },
        "scipy": {
            "hash": "sha256:790614fa23eb6ed86619e36be586e88ac4231770be1b5b0d3629e34ba8381ae1",
            "version": "==0.18.1"
        },
        "numpy": {
            "hash": "sha256:818a09855c5a257aea637c73755806dfec130ecf190130a34bf1546ef69b77e3",
            "version": "==1.12.0"
        }
    },
    "develop": {}
}